
Microsoft Visual Studio Solution File, Format Version 12.00
# Visual Studio Version 17
VisualStudioVersion = 17.0.31611.283
MinimumVisualStudioVersion = 10.0.40219.1
Project("{9A19103F-16F7-4668-BE54-9A1E7A4F7556}") = "LiveBettingHelper", "LiveBettingHelper\LiveBettingHelper.csproj", "{3E8CF27C-D285-4D0F-9C2A-578427F722B0}"
EndProject
Project("{9A19103F-16F7-4668-BE54-9A1E7A4F7556}") = "ModelDataCollector", "ModelDataCollector\ModelDataCollector.csproj", "{76C038DE-32A1-4770-9064-4116A556CA2A}"
EndProject
Project("{FAE04EC0-301F-11D3-BF4B-00C04F79EFBC}") = "PredictModel", "PredictModel\PredictModel.csproj", "{B07AE3BF-17CD-40BB-8355-9429AA8FA201}"
EndProject
Global
	GlobalSection(SolutionConfigurationPlatforms) = preSolution
		Debug|Any CPU = Debug|Any CPU
		Release|Any CPU = Release|Any CPU
	EndGlobalSection
	GlobalSection(ProjectConfigurationPlatforms) = postSolution
		{3E8CF27C-D285-4D0F-9C2A-578427F722B0}.Debug|Any CPU.ActiveCfg = Debug|Any CPU
		{3E8CF27C-D285-4D0F-9C2A-578427F722B0}.Debug|Any CPU.Build.0 = Debug|Any CPU
		{3E8CF27C-D285-4D0F-9C2A-578427F722B0}.Debug|Any CPU.Deploy.0 = Debug|Any CPU
		{3E8CF27C-D285-4D0F-9C2A-578427F722B0}.Release|Any CPU.ActiveCfg = Release|Any CPU
		{3E8CF27C-D285-4D0F-9C2A-578427F722B0}.Release|Any CPU.Build.0 = Release|Any CPU
		{3E8CF27C-D285-4D0F-9C2A-578427F722B0}.Release|Any CPU.Deploy.0 = Release|Any CPU
		{76C038DE-32A1-4770-9064-4116A556CA2A}.Debug|Any CPU.ActiveCfg = Debug|Any CPU
		{76C038DE-32A1-4770-9064-4116A556CA2A}.Debug|Any CPU.Build.0 = Debug|Any CPU
		{76C038DE-32A1-4770-9064-4116A556CA2A}.Release|Any CPU.ActiveCfg = Release|Any CPU
		{76C038DE-32A1-4770-9064-4116A556CA2A}.Release|Any CPU.Build.0 = Release|Any CPU
		{B07AE3BF-17CD-40BB-8355-9429AA8FA201}.Debug|Any CPU.ActiveCfg = Debug|Any CPU
		{B07AE3BF-17CD-40BB-8355-9429AA8FA201}.Debug|Any CPU.Build.0 = Debug|Any CPU
		{B07AE3BF-17CD-40BB-8355-9429AA8FA201}.Release|Any CPU.ActiveCfg = Release|Any CPU
		{B07AE3BF-17CD-40BB-8355-9429AA8FA201}.Release|Any CPU.Build.0 = Release|Any CPU
	EndGlobalSection
	GlobalSection(SolutionProperties) = preSolution
		HideSolutionNode = FALSE
	EndGlobalSection
	GlobalSection(ExtensibilityGlobals) = postSolution
		SolutionGuid = {61F7FB11-1E47-470C-91E2-47F8143E1572}
	EndGlobalSection
EndGlobal
